dependencies:
- name: dagster
  repository: https://dagster-io.github.io/helm
  version: 0.13.14
- name: dagster-user-deployments
  repository: https://dagster-io.github.io/helm
  version: 0.13.14
digest: sha256:1af4ad78c2054e7c315ecf7d845b5e5455ec3d435681e9fd3fe37b6bf5a607fc
generated: "2022-01-14T15:42:30.0901383+01:00"
